# This file was autogenerated by Stack.
# You should not edit this file by hand.
# For more information, please see the documentation at:
#   https://docs.haskellstack.org/en/stable/lock_files

packages:
- completed:
    hackage: api-builder-0.12.0.0@sha256:82b4d7e30d985ba4d4f054c63c7a60c8bbf86a9435bbd38bb100490417a36fe7,2068
    pantry-tree:
      size: 1008
      sha256: 74e73666320deeab4c97411796452c4ae5334d1adc7407b569aaf5ccf668ff76
  original:
    hackage: api-builder-0.12.0.0
- completed:
    hackage: mysql-0.2.1@sha256:156061d432d29b3a56037e8a67e16589b1d370fb9ad0dd71a81ea2c4b0b195bb,2188
    pantry-tree:
      size: 640
      sha256: 567eaea9d842f5ece8702d3d895b7573c168faa986ad9071019877bf8edacf39
  original:
    hackage: mysql-0.2.1
- completed:
    hackage: mysql-simple-0.4.7@sha256:bf7c4a1ed0971d11c21f14796c3850a623a43ea83d158877f05380c52abad4a9,2581
    pantry-tree:
      size: 877
      sha256: e1e868b577503a0e414de3172d09284596b070519806d1de2721daa0b33f1a82
  original:
    hackage: mysql-simple-0.4.7
- completed:
    hackage: reddit-0.2.1.0@sha256:2b09a9f2fa48a5348768e95ea98fa0551aa2e060529437800ee46f08aa43e689,3991
    pantry-tree:
      size: 3792
      sha256: cd45d5e8ada2199c9036182df5ddffce14225a92835b795ec4eb6870a98e26cc
  original:
    hackage: reddit-0.2.1.0
- completed:
    hackage: feed-0.3.11.1@sha256:ecce0a16a0d695b1c8ed80af4ea59e33c767ad9c6bdac5898e7cae20bd5da8c6,2816
    pantry-tree:
      size: 2331
      sha256: fc3a86c501731fb8c7529f32915385805a98a5e77cb894bacb6fdd89ede35acf
  original:
    hackage: feed-0.3.11.1
snapshots:
- completed:
    size: 420600
    url: https://raw.githubusercontent.com/commercialhaskell/stackage-snapshots/master/lts/7/1.yaml
    sha256: 52f11f4faf60c6c116c74d910ede9d990864c911add694adc7dad6b03f1c5e0e
  original: lts-7.1
